{
  "object": {
    "pins": [
      {
        "package": "Action",
        "repositoryURL": "https://github.com/RxSwiftCommunity/Action",
        "state": {
          "branch": null,
          "revision": "55f5da064fd66cb09acde22cbbb744fe7f6355aa",
          "version": "5.0.0"
        }
      },
      {
        "package": "Kingfisher",
        "repositoryURL": "https://github.com/onevcat/Kingfisher.git",
        "state": {
          "branch": "master",
          "revision": "0a2924c703902d444002d017b6e9491c819b1f9f",
          "version": null
        }
      },
      {
        "package": "RxSwift",
        "repositoryURL": "https://github.com/ReactiveX/RxSwift.git",
        "state": {
          "branch": "main",
          "revision": "b48f2e9536cd985d912126709b97bd743e58c8fc",
          "version": null
        }
      }
    ]
  },
  "version": 1
}
