{
  "object": {
    "pins": [
      {
        "package": "Kingfisher",
        "repositoryURL": "https://github.com/onevcat/Kingfisher.git",
        "state": {
          "branch": "master",
          "revision": "0a2924c703902d444002d017b6e9491c819b1f9f",
          "version": null
        }
      }
    ]
  },
  "version": 1
}
